// !$*UTF8*$!
{
	archiveVersion = 1;
	classes = {
	};
	objectVersion = 56;
	objects = {

/* Begin PBXBuildFile section */
		D03036282C6ADB1100ADFC79 /* AppDelegate.swift in Sources */ = {isa = PBXBuildFile; fileRef = D03036272C6ADB1100ADFC79 /* AppDelegate.swift */; };
		D030362A2C6ADB1100ADFC79 /* SceneDelegate.swift in Sources */ = {isa = PBXBuildFile; fileRef = D03036292C6ADB1100ADFC79 /* SceneDelegate.swift */; };
		D030362C2C6ADB1100ADFC79 /* KakaoPostCodeVC.swift in Sources */ = {isa = PBXBuildFile; fileRef = D030362B2C6ADB1100ADFC79 /* KakaoPostCodeVC.swift */; };
		D03036312C6ADB1300ADFC79 /* Assets.xcassets in Resources */ = {isa = PBXBuildFile; fileRef = D03036302C6ADB1300ADFC79 /* Assets.xcassets */; };
		D03036342C6ADB1300ADFC79 /* Base in Resources */ = {isa = PBXBuildFile; fileRef = D03036332C6ADB1300ADFC79 /* Base */; };
		D030363C2C6AECDF00ADFC79 /* ViewController.swift in Sources */ = {isa = PBXBuildFile; fileRef = D030363B2C6AECDF00ADFC79 /* ViewController.swift */; };
		D030363E2C6B2A8100ADFC79 /* KakaoPostCodeView.swift in Sources */ = {isa = PBXBuildFile; fileRef = D030363D2C6B2A8100ADFC79 /* KakaoPostCodeView.swift */; };
		D03036402C6B32B300ADFC79 /* ContentView.swift in Sources */ = {isa = PBXBuildFile; fileRef = D030363F2C6B32B300ADFC79 /* ContentView.swift */; };
/* End PBXBuildFile section */

/* Begin PBXFileReference section */
		D03036242C6ADB1100ADFC79 /* DaumSearchPostCode.app */ = {isa = PBXFileReference; explicitFileType = wrapper.application; includeInIndex = 0; path = DaumSearchPostCode.app; sourceTree = BUILT_PRODUCTS_DIR; };
		D03036272C6ADB1100ADFC79 /* AppDelegate.swift */ = {isa = PBXFileReference; lastKnownFileType = sourcecode.swift; path = AppDelegate.swift; sourceTree = "<group>"; };
		D03036292C6ADB1100ADFC79 /* SceneDelegate.swift */ = {isa = PBXFileReference; lastKnownFileType = sourcecode.swift; path = SceneDelegate.swift; sourceTree = "<group>"; };
		D030362B2C6ADB1100ADFC79 /* KakaoPostCodeVC.swift */ = {isa = PBXFileReference; lastKnownFileType = sourcecode.swift; path = KakaoPostCodeVC.swift; sourceTree = "<group>"; };
		D03036302C6ADB1300ADFC79 /* Assets.xcassets */ = {isa = PBXFileReference; lastKnownFileType = folder.assetcatalog; path = Assets.xcassets; sourceTree = "<group>"; };
		D03036332C6ADB1300ADFC79 /* Base */ = {isa = PBXFileReference; lastKnownFileType = file.storyboard; name = Base; path = Base.lproj/LaunchScreen.storyboard; sourceTree = "<group>"; };
		D03036352C6ADB1300ADFC79 /* Info.plist */ = {isa = PBXFileReference; lastKnownFileType = text.plist.xml; path = Info.plist; sourceTree = "<group>"; };
		D030363B2C6AECDF00ADFC79 /* ViewController.swift */ = {isa = PBXFileReference; lastKnownFileType = sourcecode.swift; path = ViewController.swift; sourceTree = "<group>"; };
		D030363D2C6B2A8100ADFC79 /* KakaoPostCodeView.swift */ = {isa = PBXFileReference; lastKnownFileType = sourcecode.swift; path = KakaoPostCodeView.swift; sourceTree = "<group>"; };
		D030363F2C6B32B300ADFC79 /* ContentView.swift */ = {isa = PBXFileReference; lastKnownFileType = sourcecode.swift; path = ContentView.swift; sourceTree = "<group>"; };
/* End PBXFileReference section */

/* Begin PBXFrameworksBuildPhase section */
		D03036212C6ADB1100ADFC79 /* Frameworks */ = {
			isa = PBXFrameworksBuildPhase;
			buildActionMask = 2147483647;
			files = (
			);
			runOnlyForDeploymentPostprocessing = 0;
		};
/* End PBXFrameworksBuildPhase section */

/* Begin PBXGroup section */
		D030361B2C6ADB1100ADFC79 = {
			isa = PBXGroup;
			children = (
				D03036262C6ADB1100ADFC79 /* DaumSearchPostCode */,
				D03036252C6ADB1100ADFC79 /* Products */,
			);
			sourceTree = "<group>";
		};
		D03036252C6ADB1100ADFC79 /* Products */ = {
			isa = PBXGroup;
			children = (
				D03036242C6ADB1100ADFC79 /* DaumSearchPostCode.app */,
			);
			name = Products;
			sourceTree = "<group>";
		};
		D03036262C6ADB1100ADFC79 /* DaumSearchPostCode */ = {
			isa = PBXGroup;
			children = (
				D03D6F342C771475006CC40E /* SwiftUI */,
				D03D6F332C77145A006CC40E /* UIKit */,
				D03036272C6ADB1100ADFC79 /* AppDelegate.swift */,
				D03036292C6ADB1100ADFC79 /* SceneDelegate.swift */,
				D03036302C6ADB1300ADFC79 /* Assets.xcassets */,
				D03036322C6ADB1300ADFC79 /* LaunchScreen.storyboard */,
				D03036352C6ADB1300ADFC79 /* Info.plist */,
			);
			path = DaumSearchPostCode;
			sourceTree = "<group>";
		};
		D03D6F332C77145A006CC40E /* UIKit */ = {
			isa = PBXGroup;
			children = (
				D030363B2C6AECDF00ADFC79 /* ViewController.swift */,
				D030362B2C6ADB1100ADFC79 /* KakaoPostCodeVC.swift */,
			);
			path = UIKit;
			sourceTree = "<group>";
		};
		D03D6F342C771475006CC40E /* SwiftUI */ = {
			isa = PBXGroup;
			children = (
				D030363F2C6B32B300ADFC79 /* ContentView.swift */,
				D030363D2C6B2A8100ADFC79 /* KakaoPostCodeView.swift */,
			);
			path = SwiftUI;
			sourceTree = "<group>";
		};
/* End PBXGroup section */

/* Begin PBXNativeTarget section */
		D03036232C6ADB1100ADFC79 /* DaumSearchPostCode */ = {
			isa = PBXNativeTarget;
			buildConfigurationList = D03036382C6ADB1300ADFC79 /* Build configuration list for PBXNativeTarget "DaumSearchPostCode" */;
			buildPhases = (
				D03036202C6ADB1100ADFC79 /* Sources */,
				D03036212C6ADB1100ADFC79 /* Frameworks */,
				D03036222C6ADB1100ADFC79 /* Resources */,
			);
			buildRules = (
			);
			dependencies = (
			);
			name = DaumSearchPostCode;
			productName = DaumSearchPostCode;
			productReference = D03036242C6ADB1100ADFC79 /* DaumSearchPostCode.app */;
			productType = "com.apple.product-type.application";
		};
/* End PBXNativeTarget section */

/* Begin PBXProject section */
		D030361C2C6ADB1100ADFC79 /* Project object */ = {
			isa = PBXProject;
			attributes = {
				BuildIndependentTargetsInParallel = 1;
				LastSwiftUpdateCheck = 1540;
				LastUpgradeCheck = 1540;
				TargetAttributes = {
					D03036232C6ADB1100ADFC79 = {
						CreatedOnToolsVersion = 15.4;
					};
				};
			};
			buildConfigurationList = D030361F2C6ADB1100ADFC79 /* Build configuration list for PBXProject "DaumSearchPostCode" */;
			compatibilityVersion = "Xcode 14.0";
			developmentRegion = en;
			hasScannedForEncodings = 0;
			knownRegions = (
				en,
				Base,
			);
			mainGroup = D030361B2C6ADB1100ADFC79;
			productRefGroup = D03036252C6ADB1100ADFC79 /* Products */;
			projectDirPath = "";
			projectRoot = "";
			targets = (
				D03036232C6ADB1100ADFC79 /* DaumSearchPostCode */,
			);
		};
/* End PBXProject section */

/* Begin PBXResourcesBuildPhase section */
		D03036222C6ADB1100ADFC79 /* Resources */ = {
			isa = PBXResourcesBuildPhase;
			buildActionMask = 2147483647;
			files = (
				D03036312C6ADB1300ADFC79 /* Assets.xcassets in Resources */,
				D03036342C6ADB1300ADFC79 /* Base in Resources */,
			);
			runOnlyForDeploymentPostprocessing = 0;
		};
/* End PBXResourcesBuildPhase section */

/* Begin PBXSourcesBuildPhase section */
		D03036202C6ADB1100ADFC79 /* Sources */ = {
			isa = PBXSourcesBuildPhase;
			buildActionMask = 2147483647;
			files = (
				D030362C2C6ADB1100ADFC79 /* KakaoPostCodeVC.swift in Sources */,
				D030363E2C6B2A8100ADFC79 /* KakaoPostCodeView.swift in Sources */,
				D03036402C6B32B300ADFC79 /* ContentView.swift in Sources */,
				D030363C2C6AECDF00ADFC79 /* ViewController.swift in Sources */,
				D03036282C6ADB1100ADFC79 /* AppDelegate.swift in Sources */,
				D030362A2C6ADB1100ADFC79 /* SceneDelegate.swift in Sources */,
			);
			runOnlyForDeploymentPostprocessing = 0;
		};
/* End PBXSourcesBuildPhase section */

/* Begin PBXVariantGroup section */
		D03036322C6ADB1300ADFC79 /* LaunchScreen.storyboard */ = {
			isa = PBXVariantGroup;
			children = (
				D03036332C6ADB1300ADFC79 /* Base */,
			);
			name = LaunchScreen.storyboard;
			sourceTree = "<group>";
		};
/* End PBXVariantGroup section */

/* Begin XCBuildConfiguration section */
		D03036362C6ADB1300ADFC79 /* Debug */ = {
			isa = XCBuildConfiguration;
			buildSettings = {
				ALWAYS_SEARCH_USER_PATHS = NO;
				ASSETCATALOG_COMPILER_GENERATE_SWIFT_ASSET_SYMBOL_EXTENSIONS = YES;
				CLANG_ANALYZER_NONNULL = YES;
				CLANG_ANALYZER_NUMBER_OBJECT_CONVERSION = YES_AGGRESSIVE;
				CLANG_CXX_LANGUAGE_STANDARD = "gnu++20";
				CLANG_ENABLE_MODULES = YES;
				CLANG_ENABLE_OBJC_ARC = YES;
				CLANG_ENABLE_OBJC_WEAK = YES;
				CLANG_WARN_BLOCK_CAPTURE_AUTORELEASING = YES;
				CLANG_WARN_BOOL_CONVERSION = YES;
				CLANG_WARN_COMMA = YES;
				CLANG_WARN_CONSTANT_CONVERSION = YES;
				CLANG_WARN_DEPRECATED_OBJC_IMPLEMENTATIONS = YES;
				CLANG_WARN_DIRECT_OBJC_ISA_USAGE = YES_ERROR;
				CLANG_WARN_DOCUMENTATION_COMMENTS = YES;
				CLANG_WARN_EMPTY_BODY = YES;
				CLANG_WARN_ENUM_CONVERSION = YES;
				CLANG_WARN_INFINITE_RECURSION = YES;
				CLANG_WARN_INT_CONVERSION = YES;
				CLANG_WARN_NON_LITERAL_NULL_CONVERSION = YES;
				CLANG_WARN_OBJC_IMPLICIT_RETAIN_SELF = YES;
				CLANG_WARN_OBJC_LITERAL_CONVERSION = YES;
				CLANG_WARN_OBJC_ROOT_CLASS = YES_ERROR;
				CLANG_WARN_QUOTED_INCLUDE_IN_FRAMEWORK_HEADER = YES;
				CLANG_WARN_RANGE_LOOP_ANALYSIS = YES;
				CLANG_WARN_STRICT_PROTOTYPES = YES;
				CLANG_WARN_SUSPICIOUS_MOVE = YES;
				CLANG_WARN_UNGUARDED_AVAILABILITY = YES_AGGRESSIVE;
				CLANG_WARN_UNREACHABLE_CODE = YES;
				CLANG_WARN__DUPLICATE_METHOD_MATCH = YES;
				COPY_PHASE_STRIP = NO;
				DEBUG_INFORMATION_FORMAT = dwarf;
				ENABLE_STRICT_OBJC_MSGSEND = YES;
				ENABLE_TESTABILITY = YES;
				ENABLE_USER_SCRIPT_SANDBOXING = YES;
				GCC_C_LANGUAGE_STANDARD = gnu17;
				GCC_DYNAMIC_NO_PIC = NO;
				GCC_NO_COMMON_BLOCKS = YES;
				GCC_OPTIMIZATION_LEVEL = 0;
				GCC_PREPROCESSOR_DEFINITIONS = (
					"DEBUG=1",
					"$(inherited)",
				);
				GCC_WARN_64_TO_32_BIT_CONVERSION = YES;
				GCC_WARN_ABOUT_RETURN_TYPE = YES_ERROR;
				GCC_WARN_UNDECLARED_SELECTOR = YES;
				GCC_WARN_UNINITIALIZED_AUTOS = YES_AGGRESSIVE;
				GCC_WARN_UNUSED_FUNCTION = YES;
				GCC_WARN_UNUSED_VARIABLE = YES;
				IPHONEOS_DEPLOYMENT_TARGET = 17.5;
				LOCALIZATION_PREFERS_STRING_CATALOGS = YES;
				MTL_ENABLE_DEBUG_INFO = INCLUDE_SOURCE;
				MTL_FAST_MATH = YES;
				ONLY_ACTIVE_ARCH = YES;
				SDKROOT = iphoneos;
				SWIFT_ACTIVE_COMPILATION_CONDITIONS = "DEBUG $(inherited)";
				SWIFT_OPTIMIZATION_LEVEL = "-Onone";
			};
			name = Debug;
		};
		D03036372C6ADB1300ADFC79 /* Release */ = {
			isa = XCBuildConfiguration;
			buildSettings = {
				ALWAYS_SEARCH_USER_PATHS = NO;
				ASSETCATALOG_COMPILER_GENERATE_SWIFT_ASSET_SYMBOL_EXTENSIONS = YES;
				CLANG_ANALYZER_NONNULL = YES;
				CLANG_ANALYZER_NUMBER_OBJECT_CONVERSION = YES_AGGRESSIVE;
				CLANG_CXX_LANGUAGE_STANDARD = "gnu++20";
				CLANG_ENABLE_MODULES = YES;
				CLANG_ENABLE_OBJC_ARC = YES;
				CLANG_ENABLE_OBJC_WEAK = YES;
				CLANG_WARN_BLOCK_CAPTURE_AUTORELEASING = YES;
				CLANG_WARN_BOOL_CONVERSION = YES;
				CLANG_WARN_COMMA = YES;
				CLANG_WARN_CONSTANT_CONVERSION = YES;
				CLANG_WARN_DEPRECATED_OBJC_IMPLEMENTATIONS = YES;
				CLANG_WARN_DIRECT_OBJC_ISA_USAGE = YES_ERROR;
				CLANG_WARN_DOCUMENTATION_COMMENTS = YES;
				CLANG_WARN_EMPTY_BODY = YES;
				CLANG_WARN_ENUM_CONVERSION = YES;
				CLANG_WARN_INFINITE_RECURSION = YES;
				CLANG_WARN_INT_CONVERSION = YES;
				CLANG_WARN_NON_LITERAL_NULL_CONVERSION = YES;
				CLANG_WARN_OBJC_IMPLICIT_RETAIN_SELF = YES;
				CLANG_WARN_OBJC_LITERAL_CONVERSION = YES;
				CLANG_WARN_OBJC_ROOT_CLASS = YES_ERROR;
				CLANG_WARN_QUOTED_INCLUDE_IN_FRAMEWORK_HEADER = YES;
				CLANG_WARN_RANGE_LOOP_ANALYSIS = YES;
				CLANG_WARN_STRICT_PROTOTYPES = YES;
				CLANG_WARN_SUSPICIOUS_MOVE = YES;
				CLANG_WARN_UNGUARDED_AVAILABILITY = YES_AGGRESSIVE;
				CLANG_WARN_UNREACHABLE_CODE = YES;
				CLANG_WARN__DUPLICATE_METHOD_MATCH = YES;
				COPY_PHASE_STRIP = NO;
				DEBUG_INFORMATION_FORMAT = "dwarf-with-dsym";
				ENABLE_NS_ASSERTIONS = NO;
				ENABLE_STRICT_OBJC_MSGSEND = YES;
				ENABLE_USER_SCRIPT_SANDBOXING = YES;
				GCC_C_LANGUAGE_STANDARD = gnu17;
				GCC_NO_COMMON_BLOCKS = YES;
				GCC_WARN_64_TO_32_BIT_CONVERSION = YES;
				GCC_WARN_ABOUT_RETURN_TYPE = YES_ERROR;
				GCC_WARN_UNDECLARED_SELECTOR = YES;
				GCC_WARN_UNINITIALIZED_AUTOS = YES_AGGRESSIVE;
				GCC_WARN_UNUSED_FUNCTION = YES;
				GCC_WARN_UNUSED_VARIABLE = YES;
				IPHONEOS_DEPLOYMENT_TARGET = 17.5;
				LOCALIZATION_PREFERS_STRING_CATALOGS = YES;
				MTL_ENABLE_DEBUG_INFO = NO;
				MTL_FAST_MATH = YES;
				SDKROOT = iphoneos;
				SWIFT_COMPILATION_MODE = wholemodule;
				VALIDATE_PRODUCT = YES;
			};
			name = Release;
		};
		D03036392C6ADB1300ADFC79 /* Debug */ = {
			isa = XCBuildConfiguration;
			buildSettings = {
				ASSETCATALOG_COMPILER_APPICON_NAME = AppIcon;
				ASSETCATALOG_COMPILER_GLOBAL_ACCENT_COLOR_NAME = AccentColor;
				CODE_SIGN_STYLE = Automatic;
				CURRENT_PROJECT_VERSION = 1;
				DEVELOPMENT_TEAM = FHST2C78H4;
				GENERATE_INFOPLIST_FILE = YES;
				INFOPLIST_FILE = DaumSearchPostCode/Info.plist;
				INFOPLIST_KEY_UIApplicationSupportsIndirectInputEvents = YES;
				INFOPLIST_KEY_UILaunchStoryboardName = LaunchScreen;
				INFOPLIST_KEY_UISupportedInterfaceOrientations_iPad = "UIInterfaceOrientationPortrait UIInterfaceOrientationPortraitUpsideDown UIInterfaceOrientationLandscapeLeft UIInterfaceOrientationLandscapeRight";
				INFOPLIST_KEY_UISupportedInterfaceOrientations_iPhone = "UIInterfaceOrientationPortrait UIInterfaceOrientationLandscapeLeft UIInterfaceOrientationLandscapeRight";
				LD_RUNPATH_SEARCH_PATHS = (
					"$(inherited)",
					"@executable_path/Frameworks",
				);
				MARKETING_VERSION = 1.0;
				PRODUCT_BUNDLE_IDENTIFIER = www.DaumSearchPostCode;
				PRODUCT_NAME = "$(TARGET_NAME)";
				SWIFT_EMIT_LOC_STRINGS = YES;
				SWIFT_VERSION = 5.0;
				TARGETED_DEVICE_FAMILY = "1,2";
			};
			name = Debug;
		};
		D030363A2C6ADB1300ADFC79 /* Release */ = {
			isa = XCBuildConfiguration;
			buildSettings = {
				ASSETCATALOG_COMPILER_APPICON_NAME = AppIcon;
				ASSETCATALOG_COMPILER_GLOBAL_ACCENT_COLOR_NAME = AccentColor;
				CODE_SIGN_STYLE = Automatic;
				CURRENT_PROJECT_VERSION = 1;
				DEVELOPMENT_TEAM = FHST2C78H4;
				GENERATE_INFOPLIST_FILE = YES;
				INFOPLIST_FILE = DaumSearchPostCode/Info.plist;
				INFOPLIST_KEY_UIApplicationSupportsIndirectInputEvents = YES;
				INFOPLIST_KEY_UILaunchStoryboardName = LaunchScreen;
				INFOPLIST_KEY_UISupportedInterfaceOrientations_iPad = "UIInterfaceOrientationPortrait UIInterfaceOrientationPortraitUpsideDown UIInterfaceOrientationLandscapeLeft UIInterfaceOrientationLandscapeRight";
				INFOPLIST_KEY_UISupportedInterfaceOrientations_iPhone = "UIInterfaceOrientationPortrait UIInterfaceOrientationLandscapeLeft UIInterfaceOrientationLandscapeRight";
				LD_RUNPATH_SEARCH_PATHS = (
					"$(inherited)",
					"@executable_path/Frameworks",
				);
				MARKETING_VERSION = 1.0;
				PRODUCT_BUNDLE_IDENTIFIER = www.DaumSearchPostCode;
				PRODUCT_NAME = "$(TARGET_NAME)";
				SWIFT_EMIT_LOC_STRINGS = YES;
				SWIFT_VERSION = 5.0;
				TARGETED_DEVICE_FAMILY = "1,2";
			};
			name = Release;
		};
/* End XCBuildConfiguration section */

/* Begin XCConfigurationList section */
		D030361F2C6ADB1100ADFC79 /* Build configuration list for PBXProject "DaumSearchPostCode" */ = {
			isa = XCConfigurationList;
			buildConfigurations = (
				D03036362C6ADB1300ADFC79 /* Debug */,
				D03036372C6ADB1300ADFC79 /* Release */,
			);
			defaultConfigurationIsVisible = 0;
			defaultConfigurationName = Release;
		};
		D03036382C6ADB1300ADFC79 /* Build configuration list for PBXNativeTarget "DaumSearchPostCode" */ = {
			isa = XCConfigurationList;
			buildConfigurations = (
				D03036392C6ADB1300ADFC79 /* Debug */,
				D030363A2C6ADB1300ADFC79 /* Release */,
			);
			defaultConfigurationIsVisible = 0;
			defaultConfigurationName = Release;
		};
/* End XCConfigurationList section */
	};
	rootObject = D030361C2C6ADB1100ADFC79 /* Project object */;
}
